# THIS IS AN AUTOGENERATED FILE. DO NOT EDIT THIS FILE DIRECTLY.
# yarn lockfile v1


bhailang@^0.1.0:
  version "0.1.0"
  resolved "https://registry.yarnpkg.com/bhailang/-/bhailang-0.1.0.tgz#eab5ac5d4b24c887ee8486ea2b39405253193773"
  integrity sha512-SHIlBSd148Ki0DoiE0Mco7pvfxw8XNcVPM+PZB/tX8hXmOODUMmlZroT8SD6lyx7xBIAIwTeNSO5/En6DRe6Sg==
